
Microsoft Visual Studio Solution File, Format Version 12.00
# Visual Studio Version 16
VisualStudioVersion = 16.0.30621.155
MinimumVisualStudioVersion = 10.0.40219.1
Project("{FAE04EC0-301F-11D3-BF4B-00C04F79EFBC}") = "ConvertedCode", "ConvertedCode.csproj", "{F6140B30-2E35-4B64-B391-B5BF96ACCF7D}"
EndProject
Global
	GlobalSection(SolutionConfigurationPlatforms) = preSolution
		Debug|Any CPU = Debug|Any CPU
		Release|Any CPU = Release|Any CPU
	EndGlobalSection
	GlobalSection(ProjectConfigurationPlatforms) = postSolution
		{F6140B30-2E35-4B64-B391-B5BF96ACCF7D}.Debug|Any CPU.ActiveCfg = Debug|Any CPU
		{F6140B30-2E35-4B64-B391-B5BF96ACCF7D}.Debug|Any CPU.Build.0 = Debug|Any CPU
		{F6140B30-2E35-4B64-B391-B5BF96ACCF7D}.Release|Any CPU.ActiveCfg = Release|Any CPU
		{F6140B30-2E35-4B64-B391-B5BF96ACCF7D}.Release|Any CPU.Build.0 = Release|Any CPU
	EndGlobalSection
	GlobalSection(SolutionProperties) = preSolution
		HideSolutionNode = FALSE
	EndGlobalSection
	GlobalSection(ExtensibilityGlobals) = postSolution
		SolutionGuid = {5B442A47-10B8-431A-8FDE-EF5F68A88779}
	EndGlobalSection
EndGlobal
